
Microsoft Visual Studio Solution File, Format Version 12.00
# Visual Studio Version 16
VisualStudioVersion = 16.0.29123.89
MinimumVisualStudioVersion = 10.0.40219.1
Project("{FAE04EC0-301F-11D3-BF4B-00C04F79EFBC}") = "-Countries.Prism", "-Countries.Prism\-Countries.Prism\-Countries.Prism.csproj", "{D713D315-9A85-42E3-B432-154F0D8B6EE4}"
EndProject
Project("{FAE04EC0-301F-11D3-BF4B-00C04F79EFBC}") = "-Countries.Prism.Android", "-Countries.Prism\-Countries.Prism.Android\-Countries.Prism.Android.csproj", "{DA6DB129-079B-4C9B-BE06-7B1045236890}"
EndProject
Global
	GlobalSection(SolutionConfigurationPlatforms) = preSolution
		Debug|Any CPU = Debug|Any CPU
		Release|Any CPU = Release|Any CPU
	EndGlobalSection
	GlobalSection(ProjectConfigurationPlatforms) = postSolution
		{D713D315-9A85-42E3-B432-154F0D8B6EE4}.Debug|Any CPU.ActiveCfg = Debug|Any CPU
		{D713D315-9A85-42E3-B432-154F0D8B6EE4}.Debug|Any CPU.Build.0 = Debug|Any CPU
		{D713D315-9A85-42E3-B432-154F0D8B6EE4}.Release|Any CPU.ActiveCfg = Release|Any CPU
		{D713D315-9A85-42E3-B432-154F0D8B6EE4}.Release|Any CPU.Build.0 = Release|Any CPU
		{DA6DB129-079B-4C9B-BE06-7B1045236890}.Debug|Any CPU.ActiveCfg = Debug|Any CPU
		{DA6DB129-079B-4C9B-BE06-7B1045236890}.Debug|Any CPU.Build.0 = Debug|Any CPU
		{DA6DB129-079B-4C9B-BE06-7B1045236890}.Debug|Any CPU.Deploy.0 = Debug|Any CPU
		{DA6DB129-079B-4C9B-BE06-7B1045236890}.Release|Any CPU.ActiveCfg = Release|Any CPU
		{DA6DB129-079B-4C9B-BE06-7B1045236890}.Release|Any CPU.Build.0 = Release|Any CPU
		{DA6DB129-079B-4C9B-BE06-7B1045236890}.Release|Any CPU.Deploy.0 = Release|Any CPU
	EndGlobalSection
	GlobalSection(SolutionProperties) = preSolution
		HideSolutionNode = FALSE
	EndGlobalSection
	GlobalSection(ExtensibilityGlobals) = postSolution
		SolutionGuid = {1934ECE6-02D7-4086-8A14-5FBA30C5E123}
	EndGlobalSection
EndGlobal
